
Microsoft Visual Studio Solution File, Format Version 12.00
# Visual Studio Version 16
VisualStudioVersion = 16.0.31702.278
MinimumVisualStudioVersion = 10.0.40219.1
Project("{F184B08F-C81C-45F6-A57F-5ABD9991F28F}") = "TS7PNETIIFM", "TS7PNETIIFM\TS7PNETIIFM.vbproj", "{176D0184-5EEF-456A-8C4E-BEA18C5FDAAD}"
EndProject
Global
	GlobalSection(SolutionConfigurationPlatforms) = preSolution
		Debug|Any CPU = Debug|Any CPU
		Release|Any CPU = Release|Any CPU
	EndGlobalSection
	GlobalSection(ProjectConfigurationPlatforms) = postSolution
		{176D0184-5EEF-456A-8C4E-BEA18C5FDAAD}.Debug|Any CPU.ActiveCfg = Debug|Any CPU
		{176D0184-5EEF-456A-8C4E-BEA18C5FDAAD}.Debug|Any CPU.Build.0 = Debug|Any CPU
		{176D0184-5EEF-456A-8C4E-BEA18C5FDAAD}.Release|Any CPU.ActiveCfg = Release|Any CPU
		{176D0184-5EEF-456A-8C4E-BEA18C5FDAAD}.Release|Any CPU.Build.0 = Release|Any CPU
	EndGlobalSection
	GlobalSection(SolutionProperties) = preSolution
		HideSolutionNode = FALSE
	EndGlobalSection
	GlobalSection(ExtensibilityGlobals) = postSolution
		SolutionGuid = {568089DA-8D17-4273-BFDF-AF35C098F7D6}
	EndGlobalSection
EndGlobal
